hash: b3eab4b756945cbd8b52cb2ebff16b44372926823f4cbf8d1c25c1808dae480f
updated: 2017-06-30T18:03:40.246387458+02:00
imports:
- name: github.com/andybalholm/cascadia
  version: 349dd0209470eabd9514242c688c403c0926d266
- name: github.com/bcampbell/fuzzytime
  version: 6a03581b01a2b1647d35ccf849090b5036108e0c
- name: github.com/go-chi/chi
  version: e6033ea75479391a4bce3918fc119cad31e1cb30
  subpackages:
  - middleware
- name: github.com/jaytaylor/html2text
  version: 7c7a33a7a158a5ce395c803d2b6a209b2bbc14c8
- name: github.com/lib/pq
  version: 8837942c3e09574accbc5f150e2c5e057189cace
  subpackages:
  - oid
- name: github.com/mattn/go-runewidth
  version: d6bea18f789704b5f83375793155289da36a3c7f
- name: github.com/mmcdole/gofeed
  version: 303223474e837398b2f8a265e5572958bb5568c0
  subpackages:
  - atom
  - extensions
  - internal/shared
  - rss
- name: github.com/mmcdole/goxpp
  version: e38884aa48c1952a416ba35f3c276e4f02f9b40e
- name: github.com/olekukonko/tablewriter
  version: febf2d34b54a69ce7530036c7503b1c9fbfdf0bb
- name: github.com/pressly/chi
  version: e6033ea75479391a4bce3918fc119cad31e1cb30
- name: github.com/PuerkitoBio/goquery
  version: 8806ada2a4ab225c06e9106f9631be80932db7ce
- name: github.com/Sirupsen/logrus
  version: 202f25545ea4cf9b191ff7f846df5d87c9382c2b
- name: github.com/ssor/bom
  version: 6ed919a936d5ab554e4b40bc51f7c522488122c6
- name: golang.org/x/net
  version: e90d6d0afc4c315a0d87a568ae68577cc15149a0
  subpackages:
  - html
  - html/atom
  - html/charset
- name: golang.org/x/sys
  version: 9ccfe848b9db8435a24c424abbc07a921adf1df5
  subpackages:
  - unix
- name: golang.org/x/text
  version: 2910a502d2bf9e43193af9d68ca516529614eed3
  subpackages:
  - encoding
  - encoding/charmap
  - encoding/htmlindex
  - encoding/internal
  - encoding/internal/identifier
  - encoding/japanese
  - encoding/korean
  - encoding/simplifiedchinese
  - encoding/traditionalchinese
  - encoding/unicode
  - internal/tag
  - internal/utf8internal
  - language
  - runes
  - transform
testImports: []
